// !$*UTF8*$!
{
	archiveVersion = 1;
	classes = {
	};
	objectVersion = 56;
	objects = {

/* Begin PBXBuildFile section */
		5565FAE82BAB20E2003E00FB /* KeychainSwift in Frameworks */ = {isa = PBXBuildFile; productRef = 5565FAE72BAB20E2003E00FB /* KeychainSwift */; };
		556BB4962B9F69510050B403 /* TabBarController.swift in Sources */ = {isa = PBXBuildFile; fileRef = 556BB4952B9F69510050B403 /* TabBarController.swift */; };
		556BB4982B9F6A870050B403 /* SettingsViewController.swift in Sources */ = {isa = PBXBuildFile; fileRef = 556BB4972B9F6A870050B403 /* SettingsViewController.swift */; };
		55DDB2F02B47FB7C0038BF46 /* AppDelegate.swift in Sources */ = {isa = PBXBuildFile; fileRef = 55DDB2EF2B47FB7C0038BF46 /* AppDelegate.swift */; };
		55DDB2F22B47FB7C0038BF46 /* SceneDelegate.swift in Sources */ = {isa = PBXBuildFile; fileRef = 55DDB2F12B47FB7C0038BF46 /* SceneDelegate.swift */; };
		55DDB2F92B47FB810038BF46 /* Assets.xcassets in Resources */ = {isa = PBXBuildFile; fileRef = 55DDB2F82B47FB810038BF46 /* Assets.xcassets */; };
		55DDB2FC2B47FB810038BF46 /* LaunchScreen.storyboard in Resources */ = {isa = PBXBuildFile; fileRef = 55DDB2FA2B47FB810038BF46 /* LaunchScreen.storyboard */; };
		55DDB3042B48089F0038BF46 /* DocumentsViewController.swift in Sources */ = {isa = PBXBuildFile; fileRef = 55DDB3032B48089F0038BF46 /* DocumentsViewController.swift */; };
		55DDB3072B480B0E0038BF46 /* FileManagerServiceProtocol.swift in Sources */ = {isa = PBXBuildFile; fileRef = 55DDB3062B480B0E0038BF46 /* FileManagerServiceProtocol.swift */; };
		55DDB3092B480E010038BF46 /* FileManagerService.swift in Sources */ = {isa = PBXBuildFile; fileRef = 55DDB3082B480E010038BF46 /* FileManagerService.swift */; };
		55DDB30D2B4855870038BF46 /* AlertController.swift in Sources */ = {isa = PBXBuildFile; fileRef = 55DDB30C2B4855870038BF46 /* AlertController.swift */; };
		55DDB3162B528D950038BF46 /* KeychainServiceProtocol.swift in Sources */ = {isa = PBXBuildFile; fileRef = 55DDB3152B528D950038BF46 /* KeychainServiceProtocol.swift */; };
		55DDB3182B52EB180038BF46 /* KeychainService.swift in Sources */ = {isa = PBXBuildFile; fileRef = 55DDB3172B52EB180038BF46 /* KeychainService.swift */; };
		55DDB31A2B56EE660038BF46 /* LoginViewController.swift in Sources */ = {isa = PBXBuildFile; fileRef = 55DDB3192B56EE660038BF46 /* LoginViewController.swift */; };
/* End PBXBuildFile section */

/* Begin PBXCopyFilesBuildPhase section */
		55DDB3132B527A920038BF46 /* Embed Frameworks */ = {
			isa = PBXCopyFilesBuildPhase;
			buildActionMask = 2147483647;
			dstPath = "";
			dstSubfolderSpec = 10;
			files = (
			);
			name = "Embed Frameworks";
			runOnlyForDeploymentPostprocessing = 0;
		};
/* End PBXCopyFilesBuildPhase section */

/* Begin PBXFileReference section */
		556BB4952B9F69510050B403 /* TabBarController.swift */ = {isa = PBXFileReference; lastKnownFileType = sourcecode.swift; path = TabBarController.swift; sourceTree = "<group>"; };
		556BB4972B9F6A870050B403 /* SettingsViewController.swift */ = {isa = PBXFileReference; lastKnownFileType = sourcecode.swift; path = SettingsViewController.swift; sourceTree = "<group>"; };
		55DDB2EC2B47FB7C0038BF46 /* FileManagerHW.app */ = {isa = PBXFileReference; explicitFileType = wrapper.application; includeInIndex = 0; path = FileManagerHW.app; sourceTree = BUILT_PRODUCTS_DIR; };
		55DDB2EF2B47FB7C0038BF46 /* AppDelegate.swift */ = {isa = PBXFileReference; lastKnownFileType = sourcecode.swift; path = AppDelegate.swift; sourceTree = "<group>"; };
		55DDB2F12B47FB7C0038BF46 /* SceneDelegate.swift */ = {isa = PBXFileReference; lastKnownFileType = sourcecode.swift; path = SceneDelegate.swift; sourceTree = "<group>"; };
		55DDB2F82B47FB810038BF46 /* Assets.xcassets */ = {isa = PBXFileReference; lastKnownFileType = folder.assetcatalog; path = Assets.xcassets; sourceTree = "<group>"; };
		55DDB2FB2B47FB810038BF46 /* Base */ = {isa = PBXFileReference; lastKnownFileType = file.storyboard; name = Base; path = Base.lproj/LaunchScreen.storyboard; sourceTree = "<group>"; };
		55DDB2FD2B47FB810038BF46 /* Info.plist */ = {isa = PBXFileReference; lastKnownFileType = text.plist.xml; path = Info.plist; sourceTree = "<group>"; };
		55DDB3032B48089F0038BF46 /* DocumentsViewController.swift */ = {isa = PBXFileReference; lastKnownFileType = sourcecode.swift; path = DocumentsViewController.swift; sourceTree = "<group>"; };
		55DDB3062B480B0E0038BF46 /* FileManagerServiceProtocol.swift */ = {isa = PBXFileReference; lastKnownFileType = sourcecode.swift; path = FileManagerServiceProtocol.swift; sourceTree = "<group>"; };
		55DDB3082B480E010038BF46 /* FileManagerService.swift */ = {isa = PBXFileReference; lastKnownFileType = sourcecode.swift; path = FileManagerService.swift; sourceTree = "<group>"; };
		55DDB30C2B4855870038BF46 /* AlertController.swift */ = {isa = PBXFileReference; lastKnownFileType = sourcecode.swift; path = AlertController.swift; sourceTree = "<group>"; };
		55DDB3152B528D950038BF46 /* KeychainServiceProtocol.swift */ = {isa = PBXFileReference; lastKnownFileType = sourcecode.swift; path = KeychainServiceProtocol.swift; sourceTree = "<group>"; };
		55DDB3172B52EB180038BF46 /* KeychainService.swift */ = {isa = PBXFileReference; lastKnownFileType = sourcecode.swift; path = KeychainService.swift; sourceTree = "<group>"; };
		55DDB3192B56EE660038BF46 /* LoginViewController.swift */ = {isa = PBXFileReference; lastKnownFileType = sourcecode.swift; path = LoginViewController.swift; sourceTree = "<group>"; };
/* End PBXFileReference section */

/* Begin PBXFrameworksBuildPhase section */
		55DDB2E92B47FB7C0038BF46 /* Frameworks */ = {
			isa = PBXFrameworksBuildPhase;
			buildActionMask = 2147483647;
			files = (
				5565FAE82BAB20E2003E00FB /* KeychainSwift in Frameworks */,
			);
			runOnlyForDeploymentPostprocessing = 0;
		};
/* End PBXFrameworksBuildPhase section */

/* Begin PBXGroup section */
		55DDB2E32B47FB7C0038BF46 = {
			isa = PBXGroup;
			children = (
				55DDB3142B528D590038BF46 /* Services */,
				55DDB2EE2B47FB7C0038BF46 /* FileManagerHW */,
				55DDB2ED2B47FB7C0038BF46 /* Products */,
			);
			sourceTree = "<group>";
		};
		55DDB2ED2B47FB7C0038BF46 /* Products */ = {
			isa = PBXGroup;
			children = (
				55DDB2EC2B47FB7C0038BF46 /* FileManagerHW.app */,
			);
			name = Products;
			sourceTree = "<group>";
		};
		55DDB2EE2B47FB7C0038BF46 /* FileManagerHW */ = {
			isa = PBXGroup;
			children = (
				55DDB3192B56EE660038BF46 /* LoginViewController.swift */,
				556BB4952B9F69510050B403 /* TabBarController.swift */,
				556BB4972B9F6A870050B403 /* SettingsViewController.swift */,
				55DDB3032B48089F0038BF46 /* DocumentsViewController.swift */,
				55DDB30C2B4855870038BF46 /* AlertController.swift */,
				55DDB3052B480A7B0038BF46 /* Application */,
				55DDB2F82B47FB810038BF46 /* Assets.xcassets */,
				55DDB2FA2B47FB810038BF46 /* LaunchScreen.storyboard */,
				55DDB2FD2B47FB810038BF46 /* Info.plist */,
			);
			path = FileManagerHW;
			sourceTree = "<group>";
		};
		55DDB3052B480A7B0038BF46 /* Application */ = {
			isa = PBXGroup;
			children = (
				55DDB2EF2B47FB7C0038BF46 /* AppDelegate.swift */,
				55DDB2F12B47FB7C0038BF46 /* SceneDelegate.swift */,
			);
			path = Application;
			sourceTree = "<group>";
		};
		55DDB3142B528D590038BF46 /* Services */ = {
			isa = PBXGroup;
			children = (
				55DDB3062B480B0E0038BF46 /* FileManagerServiceProtocol.swift */,
				55DDB3082B480E010038BF46 /* FileManagerService.swift */,
				55DDB3152B528D950038BF46 /* KeychainServiceProtocol.swift */,
				55DDB3172B52EB180038BF46 /* KeychainService.swift */,
			);
			path = Services;
			sourceTree = "<group>";
		};
/* End PBXGroup section */

/* Begin PBXNativeTarget section */
		55DDB2EB2B47FB7C0038BF46 /* FileManagerHW */ = {
			isa = PBXNativeTarget;
			buildConfigurationList = 55DDB3002B47FB810038BF46 /* Build configuration list for PBXNativeTarget "FileManagerHW" */;
			buildPhases = (
				55DDB2E82B47FB7C0038BF46 /* Sources */,
				55DDB2E92B47FB7C0038BF46 /* Frameworks */,
				55DDB2EA2B47FB7C0038BF46 /* Resources */,
				55DDB3132B527A920038BF46 /* Embed Frameworks */,
			);
			buildRules = (
			);
			dependencies = (
			);
			name = FileManagerHW;
			packageProductDependencies = (
				5565FAE72BAB20E2003E00FB /* KeychainSwift */,
			);
			productName = FileManagerHW;
			productReference = 55DDB2EC2B47FB7C0038BF46 /* FileManagerHW.app */;
			productType = "com.apple.product-type.application";
		};
/* End PBXNativeTarget section */

/* Begin PBXProject section */
		55DDB2E42B47FB7C0038BF46 /* Project object */ = {
			isa = PBXProject;
			attributes = {
				BuildIndependentTargetsInParallel = 1;
				LastSwiftUpdateCheck = 1400;
				LastUpgradeCheck = 1400;
				TargetAttributes = {
					55DDB2EB2B47FB7C0038BF46 = {
						CreatedOnToolsVersion = 14.0;
					};
				};
			};
			buildConfigurationList = 55DDB2E72B47FB7C0038BF46 /* Build configuration list for PBXProject "FileManagerHW" */;
			compatibilityVersion = "Xcode 14.0";
			developmentRegion = en;
			hasScannedForEncodings = 0;
			knownRegions = (
				en,
				Base,
			);
			mainGroup = 55DDB2E32B47FB7C0038BF46;
			packageReferences = (
				5565FAE62BAB20E2003E00FB /* XCRemoteSwiftPackageReference "keychain-swift" */,
			);
			productRefGroup = 55DDB2ED2B47FB7C0038BF46 /* Products */;
			projectDirPath = "";
			projectRoot = "";
			targets = (
				55DDB2EB2B47FB7C0038BF46 /* FileManagerHW */,
			);
		};
/* End PBXProject section */

/* Begin PBXResourcesBuildPhase section */
		55DDB2EA2B47FB7C0038BF46 /* Resources */ = {
			isa = PBXResourcesBuildPhase;
			buildActionMask = 2147483647;
			files = (
				55DDB2FC2B47FB810038BF46 /* LaunchScreen.storyboard in Resources */,
				55DDB2F92B47FB810038BF46 /* Assets.xcassets in Resources */,
			);
			runOnlyForDeploymentPostprocessing = 0;
		};
/* End PBXResourcesBuildPhase section */

/* Begin PBXSourcesBuildPhase section */
		55DDB2E82B47FB7C0038BF46 /* Sources */ = {
			isa = PBXSourcesBuildPhase;
			buildActionMask = 2147483647;
			files = (
				55DDB31A2B56EE660038BF46 /* LoginViewController.swift in Sources */,
				55DDB3092B480E010038BF46 /* FileManagerService.swift in Sources */,
				556BB4982B9F6A870050B403 /* SettingsViewController.swift in Sources */,
				55DDB3042B48089F0038BF46 /* DocumentsViewController.swift in Sources */,
				556BB4962B9F69510050B403 /* TabBarController.swift in Sources */,
				55DDB2F02B47FB7C0038BF46 /* AppDelegate.swift in Sources */,
				55DDB3072B480B0E0038BF46 /* FileManagerServiceProtocol.swift in Sources */,
				55DDB30D2B4855870038BF46 /* AlertController.swift in Sources */,
				55DDB3182B52EB180038BF46 /* KeychainService.swift in Sources */,
				55DDB2F22B47FB7C0038BF46 /* SceneDelegate.swift in Sources */,
				55DDB3162B528D950038BF46 /* KeychainServiceProtocol.swift in Sources */,
			);
			runOnlyForDeploymentPostprocessing = 0;
		};
/* End PBXSourcesBuildPhase section */

/* Begin PBXVariantGroup section */
		55DDB2FA2B47FB810038BF46 /* LaunchScreen.storyboard */ = {
			isa = PBXVariantGroup;
			children = (
				55DDB2FB2B47FB810038BF46 /* Base */,
			);
			name = LaunchScreen.storyboard;
			sourceTree = "<group>";
		};
/* End PBXVariantGroup section */

/* Begin XCBuildConfiguration section */
		55DDB2FE2B47FB810038BF46 /* Debug */ = {
			isa = XCBuildConfiguration;
			buildSettings = {
				ALWAYS_SEARCH_USER_PATHS = NO;
				CLANG_ANALYZER_NONNULL = YES;
				CLANG_ANALYZER_NUMBER_OBJECT_CONVERSION = YES_AGGRESSIVE;
				CLANG_CXX_LANGUAGE_STANDARD = "gnu++20";
				CLANG_ENABLE_MODULES = YES;
				CLANG_ENABLE_OBJC_ARC = YES;
				CLANG_ENABLE_OBJC_WEAK = YES;
				CLANG_WARN_BLOCK_CAPTURE_AUTORELEASING = YES;
				CLANG_WARN_BOOL_CONVERSION = YES;
				CLANG_WARN_COMMA = YES;
				CLANG_WARN_CONSTANT_CONVERSION = YES;
				CLANG_WARN_DEPRECATED_OBJC_IMPLEMENTATIONS = YES;
				CLANG_WARN_DIRECT_OBJC_ISA_USAGE = YES_ERROR;
				CLANG_WARN_DOCUMENTATION_COMMENTS = YES;
				CLANG_WARN_EMPTY_BODY = YES;
				CLANG_WARN_ENUM_CONVERSION = YES;
				CLANG_WARN_INFINITE_RECURSION = YES;
				CLANG_WARN_INT_CONVERSION = YES;
				CLANG_WARN_NON_LITERAL_NULL_CONVERSION = YES;
				CLANG_WARN_OBJC_IMPLICIT_RETAIN_SELF = YES;
				CLANG_WARN_OBJC_LITERAL_CONVERSION = YES;
				CLANG_WARN_OBJC_ROOT_CLASS = YES_ERROR;
				CLANG_WARN_QUOTED_INCLUDE_IN_FRAMEWORK_HEADER = YES;
				CLANG_WARN_RANGE_LOOP_ANALYSIS = YES;
				CLANG_WARN_STRICT_PROTOTYPES = YES;
				CLANG_WARN_SUSPICIOUS_MOVE = YES;
				CLANG_WARN_UNGUARDED_AVAILABILITY = YES_AGGRESSIVE;
				CLANG_WARN_UNREACHABLE_CODE = YES;
				CLANG_WARN__DUPLICATE_METHOD_MATCH = YES;
				COPY_PHASE_STRIP = NO;
				DEBUG_INFORMATION_FORMAT = dwarf;
				ENABLE_STRICT_OBJC_MSGSEND = YES;
				ENABLE_TESTABILITY = YES;
				GCC_C_LANGUAGE_STANDARD = gnu11;
				GCC_DYNAMIC_NO_PIC = NO;
				GCC_NO_COMMON_BLOCKS = YES;
				GCC_OPTIMIZATION_LEVEL = 0;
				GCC_PREPROCESSOR_DEFINITIONS = (
					"DEBUG=1",
					"$(inherited)",
				);
				GCC_WARN_64_TO_32_BIT_CONVERSION = YES;
				GCC_WARN_ABOUT_RETURN_TYPE = YES_ERROR;
				GCC_WARN_UNDECLARED_SELECTOR = YES;
				GCC_WARN_UNINITIALIZED_AUTOS = YES_AGGRESSIVE;
				GCC_WARN_UNUSED_FUNCTION = YES;
				GCC_WARN_UNUSED_VARIABLE = YES;
				IPHONEOS_DEPLOYMENT_TARGET = 16.0;
				MTL_ENABLE_DEBUG_INFO = INCLUDE_SOURCE;
				MTL_FAST_MATH = YES;
				ONLY_ACTIVE_ARCH = YES;
				SDKROOT = iphoneos;
				SWIFT_ACTIVE_COMPILATION_CONDITIONS = DEBUG;
				SWIFT_OPTIMIZATION_LEVEL = "-Onone";
			};
			name = Debug;
		};
		55DDB2FF2B47FB810038BF46 /* Release */ = {
			isa = XCBuildConfiguration;
			buildSettings = {
				ALWAYS_SEARCH_USER_PATHS = NO;
				CLANG_ANALYZER_NONNULL = YES;
				CLANG_ANALYZER_NUMBER_OBJECT_CONVERSION = YES_AGGRESSIVE;
				CLANG_CXX_LANGUAGE_STANDARD = "gnu++20";
				CLANG_ENABLE_MODULES = YES;
				CLANG_ENABLE_OBJC_ARC = YES;
				CLANG_ENABLE_OBJC_WEAK = YES;
				CLANG_WARN_BLOCK_CAPTURE_AUTORELEASING = YES;
				CLANG_WARN_BOOL_CONVERSION = YES;
				CLANG_WARN_COMMA = YES;
				CLANG_WARN_CONSTANT_CONVERSION = YES;
				CLANG_WARN_DEPRECATED_OBJC_IMPLEMENTATIONS = YES;
				CLANG_WARN_DIRECT_OBJC_ISA_USAGE = YES_ERROR;
				CLANG_WARN_DOCUMENTATION_COMMENTS = YES;
				CLANG_WARN_EMPTY_BODY = YES;
				CLANG_WARN_ENUM_CONVERSION = YES;
				CLANG_WARN_INFINITE_RECURSION = YES;
				CLANG_WARN_INT_CONVERSION = YES;
				CLANG_WARN_NON_LITERAL_NULL_CONVERSION = YES;
				CLANG_WARN_OBJC_IMPLICIT_RETAIN_SELF = YES;
				CLANG_WARN_OBJC_LITERAL_CONVERSION = YES;
				CLANG_WARN_OBJC_ROOT_CLASS = YES_ERROR;
				CLANG_WARN_QUOTED_INCLUDE_IN_FRAMEWORK_HEADER = YES;
				CLANG_WARN_RANGE_LOOP_ANALYSIS = YES;
				CLANG_WARN_STRICT_PROTOTYPES = YES;
				CLANG_WARN_SUSPICIOUS_MOVE = YES;
				CLANG_WARN_UNGUARDED_AVAILABILITY = YES_AGGRESSIVE;
				CLANG_WARN_UNREACHABLE_CODE = YES;
				CLANG_WARN__DUPLICATE_METHOD_MATCH = YES;
				COPY_PHASE_STRIP = NO;
				DEBUG_INFORMATION_FORMAT = "dwarf-with-dsym";
				ENABLE_NS_ASSERTIONS = NO;
				ENABLE_STRICT_OBJC_MSGSEND = YES;
				GCC_C_LANGUAGE_STANDARD = gnu11;
				GCC_NO_COMMON_BLOCKS = YES;
				GCC_WARN_64_TO_32_BIT_CONVERSION = YES;
				GCC_WARN_ABOUT_RETURN_TYPE = YES_ERROR;
				GCC_WARN_UNDECLARED_SELECTOR = YES;
				GCC_WARN_UNINITIALIZED_AUTOS = YES_AGGRESSIVE;
				GCC_WARN_UNUSED_FUNCTION = YES;
				GCC_WARN_UNUSED_VARIABLE = YES;
				IPHONEOS_DEPLOYMENT_TARGET = 16.0;
				MTL_ENABLE_DEBUG_INFO = NO;
				MTL_FAST_MATH = YES;
				SDKROOT = iphoneos;
				SWIFT_COMPILATION_MODE = wholemodule;
				SWIFT_OPTIMIZATION_LEVEL = "-O";
				VALIDATE_PRODUCT = YES;
			};
			name = Release;
		};
		55DDB3012B47FB810038BF46 /* Debug */ = {
			isa = XCBuildConfiguration;
			buildSettings = {
				ASSETCATALOG_COMPILER_APPICON_NAME = AppIcon;
				ASSETCATALOG_COMPILER_GLOBAL_ACCENT_COLOR_NAME = AccentColor;
				CODE_SIGN_STYLE = Automatic;
				CURRENT_PROJECT_VERSION = 1;
				DEVELOPMENT_TEAM = 3HQQ7A5J5W;
				GENERATE_INFOPLIST_FILE = YES;
				INFOPLIST_FILE = FileManagerHW/Info.plist;
				INFOPLIST_KEY_UIApplicationSupportsIndirectInputEvents = YES;
				INFOPLIST_KEY_UILaunchStoryboardName = LaunchScreen;
				INFOPLIST_KEY_UISupportedInterfaceOrientations_iPad = "UIInterfaceOrientationPortrait UIInterfaceOrientationPortraitUpsideDown UIInterfaceOrientationLandscapeLeft UIInterfaceOrientationLandscapeRight";
				INFOPLIST_KEY_UISupportedInterfaceOrientations_iPhone = "UIInterfaceOrientationPortrait UIInterfaceOrientationLandscapeLeft UIInterfaceOrientationLandscapeRight";
				LD_RUNPATH_SEARCH_PATHS = (
					"$(inherited)",
					"@executable_path/Frameworks",
				);
				MARKETING_VERSION = 1.0;
				PRODUCT_BUNDLE_IDENTIFIER = com.FileManagerHW.FileManagerHW;
				PRODUCT_NAME = "$(TARGET_NAME)";
				SWIFT_EMIT_LOC_STRINGS = YES;
				SWIFT_VERSION = 5.0;
				TARGETED_DEVICE_FAMILY = "1,2";
			};
			name = Debug;
		};
		55DDB3022B47FB810038BF46 /* Release */ = {
			isa = XCBuildConfiguration;
			buildSettings = {
				ASSETCATALOG_COMPILER_APPICON_NAME = AppIcon;
				ASSETCATALOG_COMPILER_GLOBAL_ACCENT_COLOR_NAME = AccentColor;
				CODE_SIGN_STYLE = Automatic;
				CURRENT_PROJECT_VERSION = 1;
				DEVELOPMENT_TEAM = 3HQQ7A5J5W;
				GENERATE_INFOPLIST_FILE = YES;
				INFOPLIST_FILE = FileManagerHW/Info.plist;
				INFOPLIST_KEY_UIApplicationSupportsIndirectInputEvents = YES;
				INFOPLIST_KEY_UILaunchStoryboardName = LaunchScreen;
				INFOPLIST_KEY_UISupportedInterfaceOrientations_iPad = "UIInterfaceOrientationPortrait UIInterfaceOrientationPortraitUpsideDown UIInterfaceOrientationLandscapeLeft UIInterfaceOrientationLandscapeRight";
				INFOPLIST_KEY_UISupportedInterfaceOrientations_iPhone = "UIInterfaceOrientationPortrait UIInterfaceOrientationLandscapeLeft UIInterfaceOrientationLandscapeRight";
				LD_RUNPATH_SEARCH_PATHS = (
					"$(inherited)",
					"@executable_path/Frameworks",
				);
				MARKETING_VERSION = 1.0;
				PRODUCT_BUNDLE_IDENTIFIER = com.FileManagerHW.FileManagerHW;
				PRODUCT_NAME = "$(TARGET_NAME)";
				SWIFT_EMIT_LOC_STRINGS = YES;
				SWIFT_VERSION = 5.0;
				TARGETED_DEVICE_FAMILY = "1,2";
			};
			name = Release;
		};
/* End XCBuildConfiguration section */

/* Begin XCConfigurationList section */
		55DDB2E72B47FB7C0038BF46 /* Build configuration list for PBXProject "FileManagerHW" */ = {
			isa = XCConfigurationList;
			buildConfigurations = (
				55DDB2FE2B47FB810038BF46 /* Debug */,
				55DDB2FF2B47FB810038BF46 /* Release */,
			);
			defaultConfigurationIsVisible = 0;
			defaultConfigurationName = Release;
		};
		55DDB3002B47FB810038BF46 /* Build configuration list for PBXNativeTarget "FileManagerHW" */ = {
			isa = XCConfigurationList;
			buildConfigurations = (
				55DDB3012B47FB810038BF46 /* Debug */,
				55DDB3022B47FB810038BF46 /* Release */,
			);
			defaultConfigurationIsVisible = 0;
			defaultConfigurationName = Release;
		};
/* End XCConfigurationList section */

/* Begin XCRemoteSwiftPackageReference section */
		5565FAE62BAB20E2003E00FB /* XCRemoteSwiftPackageReference "keychain-swift" */ = {
			isa = XCRemoteSwiftPackageReference;
			repositoryURL = "https://github.com/evgenyneu/keychain-swift.git";
			requirement = {
				kind = exactVersion;
				version = 20.0.0;
			};
		};
/* End XCRemoteSwiftPackageReference section */

/* Begin XCSwiftPackageProductDependency section */
		5565FAE72BAB20E2003E00FB /* KeychainSwift */ = {
			isa = XCSwiftPackageProductDependency;
			package = 5565FAE62BAB20E2003E00FB /* XCRemoteSwiftPackageReference "keychain-swift" */;
			productName = KeychainSwift;
		};
/* End XCSwiftPackageProductDependency section */
	};
	rootObject = 55DDB2E42B47FB7C0038BF46 /* Project object */;
}
